
Microsoft Visual Studio Solution File, Format Version 12.00
# Visual Studio Version 17
VisualStudioVersion = 17.11.35327.3
MinimumVisualStudioVersion = 10.0.40219.1
Project("{FAE04EC0-301F-11D3-BF4B-00C04F79EFBC}") = "ConsoleApp17", "ConsoleApp17.csproj", "{993CA9C7-617F-45F8-87C4-EC36E553CBF4}"
EndProject
Global
	GlobalSection(SolutionConfigurationPlatforms) = preSolution
		Debug|Any CPU = Debug|Any CPU
		Release|Any CPU = Release|Any CPU
	EndGlobalSection
	GlobalSection(ProjectConfigurationPlatforms) = postSolution
		{993CA9C7-617F-45F8-87C4-EC36E553CBF4}.Debug|Any CPU.ActiveCfg = Debug|Any CPU
		{993CA9C7-617F-45F8-87C4-EC36E553CBF4}.Debug|Any CPU.Build.0 = Debug|Any CPU
		{993CA9C7-617F-45F8-87C4-EC36E553CBF4}.Release|Any CPU.ActiveCfg = Release|Any CPU
		{993CA9C7-617F-45F8-87C4-EC36E553CBF4}.Release|Any CPU.Build.0 = Release|Any CPU
	EndGlobalSection
	GlobalSection(SolutionProperties) = preSolution
		HideSolutionNode = FALSE
	EndGlobalSection
	GlobalSection(ExtensibilityGlobals) = postSolution
		SolutionGuid = {352DCFDB-1E46-478C-92FB-B3814AA9C648}
	EndGlobalSection
EndGlobal
