
Microsoft Visual Studio Solution File, Format Version 12.00
# Visual Studio Version 17
VisualStudioVersion = 17.11.35327.3
MinimumVisualStudioVersion = 10.0.40219.1
Project("{FAE04EC0-301F-11D3-BF4B-00C04F79EFBC}") = "ConsoleApp15", "ConsoleApp15.csproj", "{A6D14586-1C3B-40DD-8287-3C1F254B6DAD}"
EndProject
Global
	GlobalSection(SolutionConfigurationPlatforms) = preSolution
		Debug|Any CPU = Debug|Any CPU
		Release|Any CPU = Release|Any CPU
	EndGlobalSection
	GlobalSection(ProjectConfigurationPlatforms) = postSolution
		{A6D14586-1C3B-40DD-8287-3C1F254B6DAD}.Debug|Any CPU.ActiveCfg = Debug|Any CPU
		{A6D14586-1C3B-40DD-8287-3C1F254B6DAD}.Debug|Any CPU.Build.0 = Debug|Any CPU
		{A6D14586-1C3B-40DD-8287-3C1F254B6DAD}.Release|Any CPU.ActiveCfg = Release|Any CPU
		{A6D14586-1C3B-40DD-8287-3C1F254B6DAD}.Release|Any CPU.Build.0 = Release|Any CPU
	EndGlobalSection
	GlobalSection(SolutionProperties) = preSolution
		HideSolutionNode = FALSE
	EndGlobalSection
	GlobalSection(ExtensibilityGlobals) = postSolution
		SolutionGuid = {8F629415-CAA6-4275-A6D4-D1DBDDCD7FF0}
	EndGlobalSection
EndGlobal
